Microsoft Visual Studio Solution File, Format Version 12.00
# Visual Studio 15
VisualStudioVersion = 15.0.26430.12
MinimumVisualStudioVersion = 10.0.40219.1
Project("{2150E333-8FDC-42A3-9474-1A3956D46DE8}") = "Source", "Source", "{030783D5-8B49-446B-B4BD-623CE9C87C7E}"
EndProject
Project("{2150E333-8FDC-42A3-9474-1A3956D46DE8}") = ".nuspec", ".nuspec", "{A31F0DBA-7B31-40C8-9887-2E51BD76D565}"
	ProjectSection(SolutionItems) = preProject
		nuspec\Invisionware.Collections.nuspec = nuspec\Invisionware.Collections.nuspec
	EndProjectSection
EndProject
Project("{2150E333-8FDC-42A3-9474-1A3956D46DE8}") = ".misc", ".misc", "{B67DBE97-2A64-4E27-8878-698FC381DABD}"
	ProjectSection(SolutionItems) = preProject
		build.cake = build.cake
		README.md = README.md
		settings.json = settings.json
		version.json = version.json
	EndProjectSection
EndProject
Project("{2150E333-8FDC-42A3-9474-1A3956D46DE8}") = "Tests", "Tests", "{FC9A0D21-3049-40EF-B6F1-55DA2CB685F3}"
EndProject
Project("{FAE04EC0-301F-11D3-BF4B-00C04F79EFBC}") = "Invisionware.Collections", "src\Invisionware.Collections\Invisionware.Collections.csproj", "{C6677D99-FA98-4F79-92E8-8247C54561F1}"
EndProject
Project("{FAE04EC0-301F-11D3-BF4B-00C04F79EFBC}") = "Invisionware.Collections.Tests", "tests\Invisionware.Collections.Tests\Invisionware.Collections.Tests.csproj", "{913CA724-9FBC-49E4-991D-D9319B74DA05}"
EndProject
Project("{2150E333-8FDC-42A3-9474-1A3956D46DE8}") = ".nuget", ".nuget", "{170B64E1-5A0B-4469-A44D-BEEB9E88889D}"
	ProjectSection(SolutionItems) = preProject
		.nuget\NuGet.Config = .nuget\NuGet.Config
	EndProjectSection
EndProject
Global
	GlobalSection(SolutionConfigurationPlatforms) = preSolution
		Debug|Any CPU = Debug|Any CPU
		Debug|ARM = Debug|ARM
		Debug|x64 = Debug|x64
		Debug|x86 = Debug|x86
		Release|Any CPU = Release|Any CPU
		Release|ARM = Release|ARM
		Release|x64 = Release|x64
		Release|x86 = Release|x86
	EndGlobalSection
	GlobalSection(ProjectConfigurationPlatforms) = postSolution
		{C6677D99-FA98-4F79-92E8-8247C54561F1}.Debug|Any CPU.ActiveCfg = Debug|Any CPU
		{C6677D99-FA98-4F79-92E8-8247C54561F1}.Debug|Any CPU.Build.0 = Debug|Any CPU
		{C6677D99-FA98-4F79-92E8-8247C54561F1}.Debug|ARM.ActiveCfg = Debug|Any CPU
		{C6677D99-FA98-4F79-92E8-8247C54561F1}.Debug|ARM.Build.0 = Debug|Any CPU
		{C6677D99-FA98-4F79-92E8-8247C54561F1}.Debug|x64.ActiveCfg = Debug|Any CPU
		{C6677D99-FA98-4F79-92E8-8247C54561F1}.Debug|x64.Build.0 = Debug|Any CPU
		{C6677D99-FA98-4F79-92E8-8247C54561F1}.Debug|x86.ActiveCfg = Debug|Any CPU
		{C6677D99-FA98-4F79-92E8-8247C54561F1}.Debug|x86.Build.0 = Debug|Any CPU
		{C6677D99-FA98-4F79-92E8-8247C54561F1}.Release|Any CPU.ActiveCfg = Release|Any CPU
		{C6677D99-FA98-4F79-92E8-8247C54561F1}.Release|Any CPU.Build.0 = Release|Any CPU
		{C6677D99-FA98-4F79-92E8-8247C54561F1}.Release|ARM.ActiveCfg = Release|Any CPU
		{C6677D99-FA98-4F79-92E8-8247C54561F1}.Release|ARM.Build.0 = Release|Any CPU
		{C6677D99-FA98-4F79-92E8-8247C54561F1}.Release|x64.ActiveCfg = Release|Any CPU
		{C6677D99-FA98-4F79-92E8-8247C54561F1}.Release|x64.Build.0 = Release|Any CPU
		{C6677D99-FA98-4F79-92E8-8247C54561F1}.Release|x86.ActiveCfg = Release|Any CPU
		{C6677D99-FA98-4F79-92E8-8247C54561F1}.Release|x86.Build.0 = Release|Any CPU
		{913CA724-9FBC-49E4-991D-D9319B74DA05}.Debug|Any CPU.ActiveCfg = Debug|Any CPU
		{913CA724-9FBC-49E4-991D-D9319B74DA05}.Debug|Any CPU.Build.0 = Debug|Any CPU
		{913CA724-9FBC-49E4-991D-D9319B74DA05}.Debug|ARM.ActiveCfg = Debug|Any CPU
		{913CA724-9FBC-49E4-991D-D9319B74DA05}.Debug|ARM.Build.0 = Debug|Any CPU
		{913CA724-9FBC-49E4-991D-D9319B74DA05}.Debug|x64.ActiveCfg = Debug|Any CPU
		{913CA724-9FBC-49E4-991D-D9319B74DA05}.Debug|x64.Build.0 = Debug|Any CPU
		{913CA724-9FBC-49E4-991D-D9319B74DA05}.Debug|x86.ActiveCfg = Debug|Any CPU
		{913CA724-9FBC-49E4-991D-D9319B74DA05}.Debug|x86.Build.0 = Debug|Any CPU
		{913CA724-9FBC-49E4-991D-D9319B74DA05}.Release|Any CPU.ActiveCfg = Release|Any CPU
		{913CA724-9FBC-49E4-991D-D9319B74DA05}.Release|Any CPU.Build.0 = Release|Any CPU
		{913CA724-9FBC-49E4-991D-D9319B74DA05}.Release|ARM.ActiveCfg = Release|Any CPU
		{913CA724-9FBC-49E4-991D-D9319B74DA05}.Release|ARM.Build.0 = Release|Any CPU
		{913CA724-9FBC-49E4-991D-D9319B74DA05}.Release|x64.ActiveCfg = Release|Any CPU
		{913CA724-9FBC-49E4-991D-D9319B74DA05}.Release|x64.Build.0 = Release|Any CPU
		{913CA724-9FBC-49E4-991D-D9319B74DA05}.Release|x86.ActiveCfg = Release|Any CPU
		{913CA724-9FBC-49E4-991D-D9319B74DA05}.Release|x86.Build.0 = Release|Any CPU
	EndGlobalSection
	GlobalSection(SolutionProperties) = preSolution
		HideSolutionNode = FALSE
	EndGlobalSection
	GlobalSection(NestedProjects) = preSolution
		{C6677D99-FA98-4F79-92E8-8247C54561F1} = {030783D5-8B49-446B-B4BD-623CE9C87C7E}
		{913CA724-9FBC-49E4-991D-D9319B74DA05} = {FC9A0D21-3049-40EF-B6F1-55DA2CB685F3}
	EndGlobalSection
EndGlobal
